
Microsoft Visual Studio Solution File, Format Version 12.00
# Visual Studio Version 17
VisualStudioVersion = 17.8.34004.107
MinimumVisualStudioVersion = 10.0.40219.1
Project("{FAE04EC0-301F-11D3-BF4B-00C04F79EFBC}") = "SilexxFileDownloader", "SilexxFileDownloader\SilexxFileDownloader.csproj", "{EE264D43-0360-424B-B4D7-95723E4C29BA}"
EndProject
Global
	GlobalSection(SolutionConfigurationPlatforms) = preSolution
		Debug|Any CPU = Debug|Any CPU
		Release|Any CPU = Release|Any CPU
	EndGlobalSection
	GlobalSection(ProjectConfigurationPlatforms) = postSolution
		{EE264D43-0360-424B-B4D7-95723E4C29BA}.Debug|Any CPU.ActiveCfg = Debug|Any CPU
		{EE264D43-0360-424B-B4D7-95723E4C29BA}.Debug|Any CPU.Build.0 = Debug|Any CPU
		{EE264D43-0360-424B-B4D7-95723E4C29BA}.Release|Any CPU.ActiveCfg = Release|Any CPU
		{EE264D43-0360-424B-B4D7-95723E4C29BA}.Release|Any CPU.Build.0 = Release|Any CPU
	EndGlobalSection
	GlobalSection(SolutionProperties) = preSolution
		HideSolutionNode = FALSE
	EndGlobalSection
	GlobalSection(ExtensibilityGlobals) = postSolution
		SolutionGuid = {A15F98ED-C87B-41FA-BDE6-20DAE8279BC9}
	EndGlobalSection
EndGlobal
